
Microsoft Visual Studio Solution File, Format Version 12.00
# Visual Studio Version 17
VisualStudioVersion = 17.1.32210.238
MinimumVisualStudioVersion = 10.0.40219.1
Project("{FAE04EC0-301F-11D3-BF4B-00C04F79EFBC}") = "deadlocks", "deadlocks.csproj", "{B4955B31-ACFD-4F80-9FDA-1CC4535673E4}"
EndProject
Global
	GlobalSection(SolutionConfigurationPlatforms) = preSolution
		Debug|Any CPU = Debug|Any CPU
		Release|Any CPU = Release|Any CPU
	EndGlobalSection
	GlobalSection(ProjectConfigurationPlatforms) = postSolution
		{B4955B31-ACFD-4F80-9FDA-1CC4535673E4}.Debug|Any CPU.ActiveCfg = Debug|Any CPU
		{B4955B31-ACFD-4F80-9FDA-1CC4535673E4}.Debug|Any CPU.Build.0 = Debug|Any CPU
		{B4955B31-ACFD-4F80-9FDA-1CC4535673E4}.Release|Any CPU.ActiveCfg = Release|Any CPU
		{B4955B31-ACFD-4F80-9FDA-1CC4535673E4}.Release|Any CPU.Build.0 = Release|Any CPU
	EndGlobalSection
	GlobalSection(SolutionProperties) = preSolution
		HideSolutionNode = FALSE
	EndGlobalSection
	GlobalSection(ExtensibilityGlobals) = postSolution
		SolutionGuid = {662B29F5-8A3C-4CDA-84D7-D1C7C8DD71AC}
	EndGlobalSection
EndGlobal
