
Microsoft Visual Studio Solution File, Format Version 12.00
# Visual Studio Version 17
VisualStudioVersion = 17.1.32210.238
MinimumVisualStudioVersion = 10.0.40219.1
Project("{9A19103F-16F7-4668-BE54-9A1E7A4F7556}") = "NUnitProject", "NUnitProject.csproj", "{BE85AFCE-E472-463F-9BDE-B0B70EA2A08A}"
EndProject
Project("{9A19103F-16F7-4668-BE54-9A1E7A4F7556}") = "NUnit.Tests", "..\NUnit.Tests\NUnit.Tests.csproj", "{E15CAC1D-D833-480B-8B91-0A036C18A891}"
EndProject
Project("{9A19103F-16F7-4668-BE54-9A1E7A4F7556}") = "ExampleProject.Tests", "..\ExampleProject.Tests\ExampleProject.Tests.csproj", "{571AACDF-9462-45CA-829B-7ADEB2316CC1}"
EndProject
Global
	GlobalSection(SolutionConfigurationPlatforms) = preSolution
		Debug|Any CPU = Debug|Any CPU
		Release|Any CPU = Release|Any CPU
	EndGlobalSection
	GlobalSection(ProjectConfigurationPlatforms) = postSolution
		{BE85AFCE-E472-463F-9BDE-B0B70EA2A08A}.Debug|Any CPU.ActiveCfg = Debug|Any CPU
		{BE85AFCE-E472-463F-9BDE-B0B70EA2A08A}.Debug|Any CPU.Build.0 = Debug|Any CPU
		{BE85AFCE-E472-463F-9BDE-B0B70EA2A08A}.Release|Any CPU.ActiveCfg = Release|Any CPU
		{BE85AFCE-E472-463F-9BDE-B0B70EA2A08A}.Release|Any CPU.Build.0 = Release|Any CPU
		{E15CAC1D-D833-480B-8B91-0A036C18A891}.Debug|Any CPU.ActiveCfg = Debug|Any CPU
		{E15CAC1D-D833-480B-8B91-0A036C18A891}.Debug|Any CPU.Build.0 = Debug|Any CPU
		{E15CAC1D-D833-480B-8B91-0A036C18A891}.Release|Any CPU.ActiveCfg = Release|Any CPU
		{E15CAC1D-D833-480B-8B91-0A036C18A891}.Release|Any CPU.Build.0 = Release|Any CPU
		{571AACDF-9462-45CA-829B-7ADEB2316CC1}.Debug|Any CPU.ActiveCfg = Debug|Any CPU
		{571AACDF-9462-45CA-829B-7ADEB2316CC1}.Debug|Any CPU.Build.0 = Debug|Any CPU
		{571AACDF-9462-45CA-829B-7ADEB2316CC1}.Release|Any CPU.ActiveCfg = Release|Any CPU
		{571AACDF-9462-45CA-829B-7ADEB2316CC1}.Release|Any CPU.Build.0 = Release|Any CPU
	EndGlobalSection
	GlobalSection(SolutionProperties) = preSolution
		HideSolutionNode = FALSE
	EndGlobalSection
	GlobalSection(ExtensibilityGlobals) = postSolution
		SolutionGuid = {891B431A-EE20-4B39-9750-B1CBD4E6B2E2}
	EndGlobalSection
EndGlobal
