
Microsoft Visual Studio Solution File, Format Version 12.00
# Visual Studio Version 17
VisualStudioVersion = 17.1.32210.238
MinimumVisualStudioVersion = 10.0.40219.1
Project("{FAE04EC0-301F-11D3-BF4B-00C04F79EFBC}") = "MyPriorityQueue", "MyPriorityQueue.csproj", "{B1F6ADA8-0C8E-4016-912A-B0193040CA8D}"
EndProject
Project("{FAE04EC0-301F-11D3-BF4B-00C04F79EFBC}") = "MyPriorityQueue.Tests", "..\MyPriorityQueue.Tests\MyPriorityQueue.Tests.csproj", "{EA3D469B-6AD6-451A-9F64-D2479A4702A9}"
EndProject
Global
	GlobalSection(SolutionConfigurationPlatforms) = preSolution
		Debug|Any CPU = Debug|Any CPU
		Release|Any CPU = Release|Any CPU
	EndGlobalSection
	GlobalSection(ProjectConfigurationPlatforms) = postSolution
		{B1F6ADA8-0C8E-4016-912A-B0193040CA8D}.Debug|Any CPU.ActiveCfg = Debug|Any CPU
		{B1F6ADA8-0C8E-4016-912A-B0193040CA8D}.Debug|Any CPU.Build.0 = Debug|Any CPU
		{B1F6ADA8-0C8E-4016-912A-B0193040CA8D}.Release|Any CPU.ActiveCfg = Release|Any CPU
		{B1F6ADA8-0C8E-4016-912A-B0193040CA8D}.Release|Any CPU.Build.0 = Release|Any CPU
		{EA3D469B-6AD6-451A-9F64-D2479A4702A9}.Debug|Any CPU.ActiveCfg = Debug|Any CPU
		{EA3D469B-6AD6-451A-9F64-D2479A4702A9}.Debug|Any CPU.Build.0 = Debug|Any CPU
		{EA3D469B-6AD6-451A-9F64-D2479A4702A9}.Release|Any CPU.ActiveCfg = Release|Any CPU
		{EA3D469B-6AD6-451A-9F64-D2479A4702A9}.Release|Any CPU.Build.0 = Release|Any CPU
	EndGlobalSection
	GlobalSection(SolutionProperties) = preSolution
		HideSolutionNode = FALSE
	EndGlobalSection
	GlobalSection(ExtensibilityGlobals) = postSolution
		SolutionGuid = {42B04315-5D4D-4FA7-9A03-E4C34222BD0B}
	EndGlobalSection
EndGlobal
