
Microsoft Visual Studio Solution File, Format Version 12.00
# Visual Studio Version 17
VisualStudioVersion = 17.1.32210.238
MinimumVisualStudioVersion = 10.0.40219.1
Project("{FAE04EC0-301F-11D3-BF4B-00C04F79EFBC}") = "ExampleProject", "ExampleProject.csproj", "{076478A4-01C7-44DD-BC6E-2A649A1E31E8}"
EndProject
Project("{FAE04EC0-301F-11D3-BF4B-00C04F79EFBC}") = "ExampleProject.Tests", "..\ExampleProject.Tests\ExampleProject.Tests.csproj", "{10A9A6AD-0B8E-48E6-9D53-18849C8E1A94}"
EndProject
Global
	GlobalSection(SolutionConfigurationPlatforms) = preSolution
		Debug|Any CPU = Debug|Any CPU
		Release|Any CPU = Release|Any CPU
	EndGlobalSection
	GlobalSection(ProjectConfigurationPlatforms) = postSolution
		{076478A4-01C7-44DD-BC6E-2A649A1E31E8}.Debug|Any CPU.ActiveCfg = Debug|Any CPU
		{076478A4-01C7-44DD-BC6E-2A649A1E31E8}.Debug|Any CPU.Build.0 = Debug|Any CPU
		{076478A4-01C7-44DD-BC6E-2A649A1E31E8}.Release|Any CPU.ActiveCfg = Release|Any CPU
		{076478A4-01C7-44DD-BC6E-2A649A1E31E8}.Release|Any CPU.Build.0 = Release|Any CPU
		{10A9A6AD-0B8E-48E6-9D53-18849C8E1A94}.Debug|Any CPU.ActiveCfg = Debug|Any CPU
		{10A9A6AD-0B8E-48E6-9D53-18849C8E1A94}.Debug|Any CPU.Build.0 = Debug|Any CPU
		{10A9A6AD-0B8E-48E6-9D53-18849C8E1A94}.Release|Any CPU.ActiveCfg = Release|Any CPU
		{10A9A6AD-0B8E-48E6-9D53-18849C8E1A94}.Release|Any CPU.Build.0 = Release|Any CPU
	EndGlobalSection
	GlobalSection(SolutionProperties) = preSolution
		HideSolutionNode = FALSE
	EndGlobalSection
	GlobalSection(ExtensibilityGlobals) = postSolution
		SolutionGuid = {F11B73C1-081A-4B68-A2FB-FA7DFADA1151}
	EndGlobalSection
EndGlobal
