
Microsoft Visual Studio Solution File, Format Version 12.00
# Visual Studio Version 17
VisualStudioVersion = 17.1.32210.238
MinimumVisualStudioVersion = 10.0.40219.1
Project("{FAE04EC0-301F-11D3-BF4B-00C04F79EFBC}") = "MD5", "MD5.csproj", "{0C8A183B-DC5C-46DC-A413-E5F30515EABD}"
EndProject
Project("{FAE04EC0-301F-11D3-BF4B-00C04F79EFBC}") = "MD5.Tests", "..\MD5.Tests\MD5.Tests.csproj", "{05CA730B-4BC7-4CB0-8DAE-F83418B46855}"
EndProject
Global
	GlobalSection(SolutionConfigurationPlatforms) = preSolution
		Debug|Any CPU = Debug|Any CPU
		Release|Any CPU = Release|Any CPU
	EndGlobalSection
	GlobalSection(ProjectConfigurationPlatforms) = postSolution
		{0C8A183B-DC5C-46DC-A413-E5F30515EABD}.Debug|Any CPU.ActiveCfg = Debug|Any CPU
		{0C8A183B-DC5C-46DC-A413-E5F30515EABD}.Debug|Any CPU.Build.0 = Debug|Any CPU
		{0C8A183B-DC5C-46DC-A413-E5F30515EABD}.Release|Any CPU.ActiveCfg = Release|Any CPU
		{0C8A183B-DC5C-46DC-A413-E5F30515EABD}.Release|Any CPU.Build.0 = Release|Any CPU
		{05CA730B-4BC7-4CB0-8DAE-F83418B46855}.Debug|Any CPU.ActiveCfg = Debug|Any CPU
		{05CA730B-4BC7-4CB0-8DAE-F83418B46855}.Debug|Any CPU.Build.0 = Debug|Any CPU
		{05CA730B-4BC7-4CB0-8DAE-F83418B46855}.Release|Any CPU.ActiveCfg = Release|Any CPU
		{05CA730B-4BC7-4CB0-8DAE-F83418B46855}.Release|Any CPU.Build.0 = Release|Any CPU
	EndGlobalSection
	GlobalSection(SolutionProperties) = preSolution
		HideSolutionNode = FALSE
	EndGlobalSection
	GlobalSection(ExtensibilityGlobals) = postSolution
		SolutionGuid = {9C328308-D5D5-44E6-AF0B-23FBE0ED2387}
	EndGlobalSection
EndGlobal
